
Microsoft Visual Studio Solution File, Format Version 12.00
# Visual Studio Version 17
VisualStudioVersion = 17.2.32630.192
MinimumVisualStudioVersion = 10.0.40219.1
Project("{FAE04EC0-301F-11D3-BF4B-00C04F79EFBC}") = "Evaluación_4", "Evaluación_4\Evaluación_4.csproj", "{74988F8A-5915-4831-9D94-E04FDE439D28}"
EndProject
Global
	GlobalSection(SolutionConfigurationPlatforms) = preSolution
		Debug|Any CPU = Debug|Any CPU
		Release|Any CPU = Release|Any CPU
	EndGlobalSection
	GlobalSection(ProjectConfigurationPlatforms) = postSolution
		{74988F8A-5915-4831-9D94-E04FDE439D28}.Debug|Any CPU.ActiveCfg = Debug|Any CPU
		{74988F8A-5915-4831-9D94-E04FDE439D28}.Debug|Any CPU.Build.0 = Debug|Any CPU
		{74988F8A-5915-4831-9D94-E04FDE439D28}.Release|Any CPU.ActiveCfg = Release|Any CPU
		{74988F8A-5915-4831-9D94-E04FDE439D28}.Release|Any CPU.Build.0 = Release|Any CPU
	EndGlobalSection
	GlobalSection(SolutionProperties) = preSolution
		HideSolutionNode = FALSE
	EndGlobalSection
	GlobalSection(ExtensibilityGlobals) = postSolution
		SolutionGuid = {A7860095-DDAF-4D20-BE5D-77A5C743DB22}
	EndGlobalSection
EndGlobal
